
Microsoft Visual Studio Solution File, Format Version 12.00
# Visual Studio Version 17
VisualStudioVersion = 17.12.35527.113 d17.12
MinimumVisualStudioVersion = 10.0.40219.1
Project("{FAE04EC0-301F-11D3-BF4B-00C04F79EFBC}") = "FinanceFlow.Server", "FinanceFlow.Server\FinanceFlow.Server.csproj", "{A8FB178D-915E-43BD-8964-EE91FF40565D}"
EndProject
Project("{54A90642-561A-4BB1-A94E-469ADEE60C69}") = "financeflow.client", "financeflow.client\financeflow.client.esproj", "{B0F02845-D200-4A10-BE3D-E6A9A8500443}"
EndProject
Global
	GlobalSection(SolutionConfigurationPlatforms) = preSolution
		Debug|Any CPU = Debug|Any CPU
		Release|Any CPU = Release|Any CPU
	EndGlobalSection
	GlobalSection(ProjectConfigurationPlatforms) = postSolution
		{A8FB178D-915E-43BD-8964-EE91FF40565D}.Debug|Any CPU.ActiveCfg = Debug|Any CPU
		{A8FB178D-915E-43BD-8964-EE91FF40565D}.Debug|Any CPU.Build.0 = Debug|Any CPU
		{A8FB178D-915E-43BD-8964-EE91FF40565D}.Release|Any CPU.ActiveCfg = Release|Any CPU
		{A8FB178D-915E-43BD-8964-EE91FF40565D}.Release|Any CPU.Build.0 = Release|Any CPU
		{B0F02845-D200-4A10-BE3D-E6A9A8500443}.Debug|Any CPU.ActiveCfg = Debug|Any CPU
		{B0F02845-D200-4A10-BE3D-E6A9A8500443}.Debug|Any CPU.Build.0 = Debug|Any CPU
		{B0F02845-D200-4A10-BE3D-E6A9A8500443}.Debug|Any CPU.Deploy.0 = Debug|Any CPU
		{B0F02845-D200-4A10-BE3D-E6A9A8500443}.Release|Any CPU.ActiveCfg = Release|Any CPU
		{B0F02845-D200-4A10-BE3D-E6A9A8500443}.Release|Any CPU.Build.0 = Release|Any CPU
		{B0F02845-D200-4A10-BE3D-E6A9A8500443}.Release|Any CPU.Deploy.0 = Release|Any CPU
	EndGlobalSection
	GlobalSection(SolutionProperties) = preSolution
		HideSolutionNode = FALSE
	EndGlobalSection
EndGlobal
